
Microsoft Visual Studio Solution File, Format Version 12.00
Project("{FAE04EC0-301F-11D3-BF4B-00C04F79EFBC}") = "ConsoleApp", "ConsoleApp\ConsoleApp.csproj", "{C4A4026D-8642-4883-843A-E50390E76D2B}"
EndProject
Project("{FAE04EC0-301F-11D3-BF4B-00C04F79EFBC}") = "MenuSystem", "MenuSystem\MenuSystem.csproj", "{5C9E4E6D-D632-4FE8-98A6-B5587BCBFED8}"
EndProject
Project("{2150E333-8FDC-42A3-9474-1A3956D46DE8}") = "Solution Items", "Solution Items", "{3EE86308-D65B-41B2-9C0B-03666E5393BF}"
	ProjectSection(SolutionItems) = preProject
		Directory.Build.props = Directory.Build.props
	EndProjectSection
EndProject
Project("{FAE04EC0-301F-11D3-BF4B-00C04F79EFBC}") = "ConsoleUI", "ConsoleUI\ConsoleUI.csproj", "{AF8B9CF9-F0CF-4017-99FC-0E9678A0B586}"
EndProject
Project("{FAE04EC0-301F-11D3-BF4B-00C04F79EFBC}") = "DAL.Db", "DAL.Db\DAL.Db.csproj", "{A020AE39-9588-4AA1-B182-9E5369EAB1F8}"
EndProject
Project("{FAE04EC0-301F-11D3-BF4B-00C04F79EFBC}") = "DAL", "DAL\DAL.csproj", "{C4D3B75F-D876-4F01-91A3-FA3BEBE3C5CC}"
EndProject
Project("{FAE04EC0-301F-11D3-BF4B-00C04F79EFBC}") = "DAL.FileSystem", "DAL.FileSystem\DAL.FileSystem.csproj", "{A9EBAEA0-00C6-49C8-9ABA-AC1E3871B8FA}"
EndProject
Project("{FAE04EC0-301F-11D3-BF4B-00C04F79EFBC}") = "GameBrain", "GameBrain\GameBrain.csproj", "{DF539DAF-94F0-48A3-B19D-95B4F7B7AEB0}"
EndProject
Project("{FAE04EC0-301F-11D3-BF4B-00C04F79EFBC}") = "Domain", "Domain\Domain.csproj", "{B2BD159D-3A12-4EBD-8BF6-05B7489E7386}"
EndProject
Global
	GlobalSection(SolutionConfigurationPlatforms) = preSolution
		Debug|Any CPU = Debug|Any CPU
		Release|Any CPU = Release|Any CPU
	EndGlobalSection
	GlobalSection(ProjectConfigurationPlatforms) = postSolution
		{C4A4026D-8642-4883-843A-E50390E76D2B}.Debug|Any CPU.ActiveCfg = Debug|Any CPU
		{C4A4026D-8642-4883-843A-E50390E76D2B}.Debug|Any CPU.Build.0 = Debug|Any CPU
		{C4A4026D-8642-4883-843A-E50390E76D2B}.Release|Any CPU.ActiveCfg = Release|Any CPU
		{C4A4026D-8642-4883-843A-E50390E76D2B}.Release|Any CPU.Build.0 = Release|Any CPU
		{5C9E4E6D-D632-4FE8-98A6-B5587BCBFED8}.Debug|Any CPU.ActiveCfg = Debug|Any CPU
		{5C9E4E6D-D632-4FE8-98A6-B5587BCBFED8}.Debug|Any CPU.Build.0 = Debug|Any CPU
		{5C9E4E6D-D632-4FE8-98A6-B5587BCBFED8}.Release|Any CPU.ActiveCfg = Release|Any CPU
		{5C9E4E6D-D632-4FE8-98A6-B5587BCBFED8}.Release|Any CPU.Build.0 = Release|Any CPU
		{AF8B9CF9-F0CF-4017-99FC-0E9678A0B586}.Debug|Any CPU.ActiveCfg = Debug|Any CPU
		{AF8B9CF9-F0CF-4017-99FC-0E9678A0B586}.Debug|Any CPU.Build.0 = Debug|Any CPU
		{AF8B9CF9-F0CF-4017-99FC-0E9678A0B586}.Release|Any CPU.ActiveCfg = Release|Any CPU
		{AF8B9CF9-F0CF-4017-99FC-0E9678A0B586}.Release|Any CPU.Build.0 = Release|Any CPU
		{A020AE39-9588-4AA1-B182-9E5369EAB1F8}.Debug|Any CPU.ActiveCfg = Debug|Any CPU
		{A020AE39-9588-4AA1-B182-9E5369EAB1F8}.Debug|Any CPU.Build.0 = Debug|Any CPU
		{A020AE39-9588-4AA1-B182-9E5369EAB1F8}.Release|Any CPU.ActiveCfg = Release|Any CPU
		{A020AE39-9588-4AA1-B182-9E5369EAB1F8}.Release|Any CPU.Build.0 = Release|Any CPU
		{C4D3B75F-D876-4F01-91A3-FA3BEBE3C5CC}.Debug|Any CPU.ActiveCfg = Debug|Any CPU
		{C4D3B75F-D876-4F01-91A3-FA3BEBE3C5CC}.Debug|Any CPU.Build.0 = Debug|Any CPU
		{C4D3B75F-D876-4F01-91A3-FA3BEBE3C5CC}.Release|Any CPU.ActiveCfg = Release|Any CPU
		{C4D3B75F-D876-4F01-91A3-FA3BEBE3C5CC}.Release|Any CPU.Build.0 = Release|Any CPU
		{A9EBAEA0-00C6-49C8-9ABA-AC1E3871B8FA}.Debug|Any CPU.ActiveCfg = Debug|Any CPU
		{A9EBAEA0-00C6-49C8-9ABA-AC1E3871B8FA}.Debug|Any CPU.Build.0 = Debug|Any CPU
		{A9EBAEA0-00C6-49C8-9ABA-AC1E3871B8FA}.Release|Any CPU.ActiveCfg = Release|Any CPU
		{A9EBAEA0-00C6-49C8-9ABA-AC1E3871B8FA}.Release|Any CPU.Build.0 = Release|Any CPU
		{DF539DAF-94F0-48A3-B19D-95B4F7B7AEB0}.Debug|Any CPU.ActiveCfg = Debug|Any CPU
		{DF539DAF-94F0-48A3-B19D-95B4F7B7AEB0}.Debug|Any CPU.Build.0 = Debug|Any CPU
		{DF539DAF-94F0-48A3-B19D-95B4F7B7AEB0}.Release|Any CPU.ActiveCfg = Release|Any CPU
		{DF539DAF-94F0-48A3-B19D-95B4F7B7AEB0}.Release|Any CPU.Build.0 = Release|Any CPU
		{B2BD159D-3A12-4EBD-8BF6-05B7489E7386}.Debug|Any CPU.ActiveCfg = Debug|Any CPU
		{B2BD159D-3A12-4EBD-8BF6-05B7489E7386}.Debug|Any CPU.Build.0 = Debug|Any CPU
		{B2BD159D-3A12-4EBD-8BF6-05B7489E7386}.Release|Any CPU.ActiveCfg = Release|Any CPU
		{B2BD159D-3A12-4EBD-8BF6-05B7489E7386}.Release|Any CPU.Build.0 = Release|Any CPU
	EndGlobalSection
EndGlobal
